{
  "name": "neuralforge-frontend",
  "version": "1.0.0",
  "lockfileVersion": 3,
  "requires": true,
  "packages": {
    "": {
      "name": "neuralforge-frontend",
      "version": "1.0.0",
      "dependencies": {
        "minimatch": "^9.0.5"
      }
    },
    "node_modules/brace-expansion": {
      "version": "2.0.1",
      "resolved": "https://registry.npmjs.org/brace-expansion/-/brace-expansion-2.0.1.tgz",
      "integrity": "sha512-XnAIvQ8ewe1ccfupMJB3pCJJQDpJjKn8RwPMuMvefcNvQ5oTGlpkZqczFokaFpQlVhJtCcbMBlJScBDUV6vJQ==",
      "dependencies": {
        "balanced-match": "^1.0.0"
      }
    },
    "node_modules/balanced-match": {
      "version": "1.0.2",
      "resolved": "https://registry.npmjs.org/balanced-match/-/balanced-match-1.0.2.tgz",
      "integrity": "sha512-3oSeUTbcBQ1nGJqFN2Wb6GEHWjC2Vt4kUZbLnUqDoFMqTp1M2cVGqSqcMvUiMKOCz2bXMlmLg1IK/i3IrFRw=="
    },
    "node_modules/minimatch": {
      "version": "9.0.5",
      "resolved": "https://registry.npmjs.org/minimatch/-/minimatch-9.0.5.tgz",
      "integrity": "sha512-G6T0ZX48xgozx7587koeX9Ys2NYy6Gmv//P89sEte9V9whIapMNF4idKxnW2QtCcLiTWlb/wfCabAtAFWhhBow==",
      "dependencies": {
        "brace-expansion": "^2.0.1"
      },
      "engines": {
        "node": ">=16 || 14 >=14.17"
      },
      "funding": {
        "url": "https://github.com/sponsors/isaacs"
      }
    }
  }
}
