{
  "name": "neuralforge-frontend",
  "version": "1.0.0",
  "lockfileVersion": 3,
  "requires": true,
  "packages": {
    "": {
      "name": "neuralforge-frontend",
      "version": "1.0.0",
      "dependencies": {
        "minimatch": "^10.0.1"
      }
    },
    "node_modules/balanced-match": {
      "version": "1.0.2",
      "resolved": "https://registry.npmjs.org/balanced-match/-/balanced-match-1.0.2.tgz",
      "integrity": "sha512-3oSeUBiayEn4gUC1L6bUB+pBVfp8A1c6R/VYz4SYVS6BGQB7W9DqHd1bRFTKFTnzsX3kpiT+bnniNH4PVQVQ==",
      "license": "MIT"
    },
    "node_modules/brace-expansion": {
      "version": "2.0.1",
      "resolved": "https://registry.npmjs.org/brace-expansion/-/brace-expansion-2.0.1.tgz",
      "integrity": "sha512-XnAIvQ8ewe1ccfupLE2+szUkFL8zkFoFGOauhBLTg6Mzv5ghcdvEiDQMmZPC/iFpANJbHoEX8M3Ny+eNSWKdg==",
      "license": "MIT",
      "dependencies": {
        "balanced-match": "^1.0.0"
      }
    },
    "node_modules/minimatch": {
      "version": "10.0.1",
      "resolved": "https://registry.npmjs.org/minimatch/-/minimatch-10.0.1.tgz",
      "integrity": "sha512-zuXxBmHYFJRr3XVFpqB1FmCgqHjIBWAScDJg9bBuTe5eIhtLx+BTm7ZKiakVq7MPrJQCBijMUeaVOWFIHJAaA==",
      "license": "ISC",
      "dependencies": {
        "brace-expansion": "^2.0.1"
      },
      "engines": {
        "node": "20 || >=22"
      },
      "funding": {
        "url": "https://github.com/sponsors/isaacs"
      }
    }
  }
}
