{
  "name": "neuralforge-frontend",
  "version": "1.0.0",
  "lockfileVersion": 3,
  "requires": true,
  "packages": {
    "": {
      "name": "neuralforge-frontend",
      "version": "1.0.0",
      "dependencies": {
        "minimatch": "^9.0.6"
      }
    },
    "node_modules/brace-expansion": {
      "version": "2.0.1",
      "resolved": "https://registry.npmjs.org/brace-expansion/-/brace-expansion-2.0.1.tgz",
      "integrity": "sha512-XnAIvQ8ewe1ccNuN5A7GEdwpqUJFJEAUzBFHLqPKMiVbhj2K3M6j55AUc4yCe8YQ9MmEJJR6OeOZqJP4kqYw==",
      "license": "MIT",
      "dependencies": {
        "balanced-match": "^1.0.0"
      }
    },
    "node_modules/balanced-match": {
      "version": "1.0.2",
      "resolved": "https://registry.npmjs.org/balanced-match/-/balanced-match-1.0.2.tgz",
      "integrity": "sha512-3oSeUe0XferI/Aw9v5g2LHGzIKFluJ7oWnKIgEP3Wp2tAtmE+bXCKalFMu+L3TfvPi9WGME2D0OAK2G6G9wQ==",
      "license": "MIT"
    },
    "node_modules/minimatch": {
      "version": "9.0.6",
      "resolved": "https://registry.npmjs.org/minimatch/-/minimatch-9.0.6.tgz",
      "integrity": "sha512-UlMOCqBFCTe1zvx2BhzJqFDFGWBMnEobIWj1lxFPMrORkMy/0RMFsaHuQ3sxFqxlJJEqrRGcxLy23HHJfWkA==",
      "license": "ISC",
      "dependencies": {
        "brace-expansion": "^2.0.1"
      },
      "engines": {
        "node": ">=16 || 14 >=14.17"
      },
      "funding": {
        "url": "https://github.com/sponsors/isaacs"
      }
    }
  }
}
